// !$*UTF8*$!
{
	archiveVersion = 1;
	classes = {
	};
	objectVersion = 50;
	objects = {

/* Begin PBXBuildFile section */
		8981B83E223B5DD3003160A2 /* AppDelegate.swift in Sources */ = {isa = PBXBuildFile; fileRef = 8981B83D223B5DD3003160A2 /* AppDelegate.swift */; };
		8981B840223B5DD3003160A2 /* ViewController.swift in Sources */ = {isa = PBXBuildFile; fileRef = 8981B83F223B5DD3003160A2 /* ViewController.swift */; };
		8981B843223B5DD3003160A2 /* Main.storyboard in Resources */ = {isa = PBXBuildFile; fileRef = 8981B841223B5DD3003160A2 /* Main.storyboard */; };
		8981B845223B5DD5003160A2 /* Assets.xcassets in Resources */ = {isa = PBXBuildFile; fileRef = 8981B844223B5DD5003160A2 /* Assets.xcassets */; };
		8981B848223B5DD5003160A2 /* LaunchScreen.storyboard in Resources */ = {isa = PBXBuildFile; fileRef = 8981B846223B5DD5003160A2 /* LaunchScreen.storyboard */; };
		8981B853223B5DD5003160A2 /* PageViewZoomedDemoTests.swift in Sources */ = {isa = PBXBuildFile; fileRef = 8981B852223B5DD5003160A2 /* PageViewZoomedDemoTests.swift */; };
		8981B85E223B5DD5003160A2 /* PageViewZoomedDemoUITests.swift in Sources */ = {isa = PBXBuildFile; fileRef = 8981B85D223B5DD5003160A2 /* PageViewZoomedDemoUITests.swift */; };
		8981B86C223B5EBE003160A2 /* PageContentViewController.swift in Sources */ = {isa = PBXBuildFile; fileRef = 8981B86B223B5EBE003160A2 /* PageContentViewController.swift */; };
/* End PBXBuildFile section */

/* Begin PBXContainerItemProxy section */
		8981B84F223B5DD5003160A2 /* PBXContainerItemProxy */ = {
			isa = PBXContainerItemProxy;
			containerPortal = 8981B832223B5DD3003160A2 /* Project object */;
			proxyType = 1;
			remoteGlobalIDString = 8981B839223B5DD3003160A2;
			remoteInfo = PageViewZoomedDemo;
		};
		8981B85A223B5DD5003160A2 /* PBXContainerItemProxy */ = {
			isa = PBXContainerItemProxy;
			containerPortal = 8981B832223B5DD3003160A2 /* Project object */;
			proxyType = 1;
			remoteGlobalIDString = 8981B839223B5DD3003160A2;
			remoteInfo = PageViewZoomedDemo;
		};
/* End PBXContainerItemProxy section */

/* Begin PBXFileReference section */
		8981B83A223B5DD3003160A2 /* PageViewZoomedDemo.app */ = {isa = PBXFileReference; explicitFileType = wrapper.application; includeInIndex = 0; path = PageViewZoomedDemo.app; sourceTree = BUILT_PRODUCTS_DIR; };
		8981B83D223B5DD3003160A2 /* AppDelegate.swift */ = {isa = PBXFileReference; lastKnownFileType = sourcecode.swift; path = AppDelegate.swift; sourceTree = "<group>"; };
		8981B83F223B5DD3003160A2 /* ViewController.swift */ = {isa = PBXFileReference; lastKnownFileType = sourcecode.swift; path = ViewController.swift; sourceTree = "<group>"; };
		8981B842223B5DD3003160A2 /* Base */ = {isa = PBXFileReference; lastKnownFileType = file.storyboard; name = Base; path = Base.lproj/Main.storyboard; sourceTree = "<group>"; };
		8981B844223B5DD5003160A2 /* Assets.xcassets */ = {isa = PBXFileReference; lastKnownFileType = folder.assetcatalog; path = Assets.xcassets; sourceTree = "<group>"; };
		8981B847223B5DD5003160A2 /* Base */ = {isa = PBXFileReference; lastKnownFileType = file.storyboard; name = Base; path = Base.lproj/LaunchScreen.storyboard; sourceTree = "<group>"; };
		8981B849223B5DD5003160A2 /* Info.plist */ = {isa = PBXFileReference; lastKnownFileType = text.plist.xml; path = Info.plist; sourceTree = "<group>"; };
		8981B84E223B5DD5003160A2 /* PageViewZoomedDemoTests.xctest */ = {isa = PBXFileReference; explicitFileType = wrapper.cfbundle; includeInIndex = 0; path = PageViewZoomedDemoTests.xctest; sourceTree = BUILT_PRODUCTS_DIR; };
		8981B852223B5DD5003160A2 /* PageViewZoomedDemoTests.swift */ = {isa = PBXFileReference; lastKnownFileType = sourcecode.swift; path = PageViewZoomedDemoTests.swift; sourceTree = "<group>"; };
		8981B854223B5DD5003160A2 /* Info.plist */ = {isa = PBXFileReference; lastKnownFileType = text.plist.xml; path = Info.plist; sourceTree = "<group>"; };
		8981B859223B5DD5003160A2 /* PageViewZoomedDemoUITests.xctest */ = {isa = PBXFileReference; explicitFileType = wrapper.cfbundle; includeInIndex = 0; path = PageViewZoomedDemoUITests.xctest; sourceTree = BUILT_PRODUCTS_DIR; };
		8981B85D223B5DD5003160A2 /* PageViewZoomedDemoUITests.swift */ = {isa = PBXFileReference; lastKnownFileType = sourcecode.swift; path = PageViewZoomedDemoUITests.swift; sourceTree = "<group>"; };
		8981B85F223B5DD5003160A2 /* Info.plist */ = {isa = PBXFileReference; lastKnownFileType = text.plist.xml; path = Info.plist; sourceTree = "<group>"; };
		8981B86B223B5EBE003160A2 /* PageContentViewController.swift */ = {isa = PBXFileReference; lastKnownFileType = sourcecode.swift; path = PageContentViewController.swift; sourceTree = "<group>"; };
/* End PBXFileReference section */

/* Begin PBXFrameworksBuildPhase section */
		8981B837223B5DD3003160A2 /* Frameworks */ = {
			isa = PBXFrameworksBuildPhase;
			buildActionMask = 2147483647;
			files = (
			);
			runOnlyForDeploymentPostprocessing = 0;
		};
		8981B84B223B5DD5003160A2 /* Frameworks */ = {
			isa = PBXFrameworksBuildPhase;
			buildActionMask = 2147483647;
			files = (
			);
			runOnlyForDeploymentPostprocessing = 0;
		};
		8981B856223B5DD5003160A2 /* Frameworks */ = {
			isa = PBXFrameworksBuildPhase;
			buildActionMask = 2147483647;
			files = (
			);
			runOnlyForDeploymentPostprocessing = 0;
		};
/* End PBXFrameworksBuildPhase section */

/* Begin PBXGroup section */
		8981B831223B5DD3003160A2 = {
			isa = PBXGroup;
			children = (
				8981B83C223B5DD3003160A2 /* PageViewZoomedDemo */,
				8981B851223B5DD5003160A2 /* PageViewZoomedDemoTests */,
				8981B85C223B5DD5003160A2 /* PageViewZoomedDemoUITests */,
				8981B83B223B5DD3003160A2 /* Products */,
			);
			sourceTree = "<group>";
		};
		8981B83B223B5DD3003160A2 /* Products */ = {
			isa = PBXGroup;
			children = (
				8981B83A223B5DD3003160A2 /* PageViewZoomedDemo.app */,
				8981B84E223B5DD5003160A2 /* PageViewZoomedDemoTests.xctest */,
				8981B859223B5DD5003160A2 /* PageViewZoomedDemoUITests.xctest */,
			);
			name = Products;
			sourceTree = "<group>";
		};
		8981B83C223B5DD3003160A2 /* PageViewZoomedDemo */ = {
			isa = PBXGroup;
			children = (
				8981B83D223B5DD3003160A2 /* AppDelegate.swift */,
				8981B83F223B5DD3003160A2 /* ViewController.swift */,
				8981B841223B5DD3003160A2 /* Main.storyboard */,
				8981B86B223B5EBE003160A2 /* PageContentViewController.swift */,
				8981B844223B5DD5003160A2 /* Assets.xcassets */,
				8981B846223B5DD5003160A2 /* LaunchScreen.storyboard */,
				8981B849223B5DD5003160A2 /* Info.plist */,
			);
			path = PageViewZoomedDemo;
			sourceTree = "<group>";
		};
		8981B851223B5DD5003160A2 /* PageViewZoomedDemoTests */ = {
			isa = PBXGroup;
			children = (
				8981B852223B5DD5003160A2 /* PageViewZoomedDemoTests.swift */,
				8981B854223B5DD5003160A2 /* Info.plist */,
			);
			path = PageViewZoomedDemoTests;
			sourceTree = "<group>";
		};
		8981B85C223B5DD5003160A2 /* PageViewZoomedDemoUITests */ = {
			isa = PBXGroup;
			children = (
				8981B85D223B5DD5003160A2 /* PageViewZoomedDemoUITests.swift */,
				8981B85F223B5DD5003160A2 /* Info.plist */,
			);
			path = PageViewZoomedDemoUITests;
			sourceTree = "<group>";
		};
/* End PBXGroup section */

/* Begin PBXNativeTarget section */
		8981B839223B5DD3003160A2 /* PageViewZoomedDemo */ = {
			isa = PBXNativeTarget;
			buildConfigurationList = 8981B862223B5DD5003160A2 /* Build configuration list for PBXNativeTarget "PageViewZoomedDemo" */;
			buildPhases = (
				8981B836223B5DD3003160A2 /* Sources */,
				8981B837223B5DD3003160A2 /* Frameworks */,
				8981B838223B5DD3003160A2 /* Resources */,
			);
			buildRules = (
			);
			dependencies = (
			);
			name = PageViewZoomedDemo;
			productName = PageViewZoomedDemo;
			productReference = 8981B83A223B5DD3003160A2 /* PageViewZoomedDemo.app */;
			productType = "com.apple.product-type.application";
		};
		8981B84D223B5DD5003160A2 /* PageViewZoomedDemoTests */ = {
			isa = PBXNativeTarget;
			buildConfigurationList = 8981B865223B5DD5003160A2 /* Build configuration list for PBXNativeTarget "PageViewZoomedDemoTests" */;
			buildPhases = (
				8981B84A223B5DD5003160A2 /* Sources */,
				8981B84B223B5DD5003160A2 /* Frameworks */,
				8981B84C223B5DD5003160A2 /* Resources */,
			);
			buildRules = (
			);
			dependencies = (
				8981B850223B5DD5003160A2 /* PBXTargetDependency */,
			);
			name = PageViewZoomedDemoTests;
			productName = PageViewZoomedDemoTests;
			productReference = 8981B84E223B5DD5003160A2 /* PageViewZoomedDemoTests.xctest */;
			productType = "com.apple.product-type.bundle.unit-test";
		};
		8981B858223B5DD5003160A2 /* PageViewZoomedDemoUITests */ = {
			isa = PBXNativeTarget;
			buildConfigurationList = 8981B868223B5DD5003160A2 /* Build configuration list for PBXNativeTarget "PageViewZoomedDemoUITests" */;
			buildPhases = (
				8981B855223B5DD5003160A2 /* Sources */,
				8981B856223B5DD5003160A2 /* Frameworks */,
				8981B857223B5DD5003160A2 /* Resources */,
			);
			buildRules = (
			);
			dependencies = (
				8981B85B223B5DD5003160A2 /* PBXTargetDependency */,
			);
			name = PageViewZoomedDemoUITests;
			productName = PageViewZoomedDemoUITests;
			productReference = 8981B859223B5DD5003160A2 /* PageViewZoomedDemoUITests.xctest */;
			productType = "com.apple.product-type.bundle.ui-testing";
		};
/* End PBXNativeTarget section */

/* Begin PBXProject section */
		8981B832223B5DD3003160A2 /* Project object */ = {
			isa = PBXProject;
			attributes = {
				LastSwiftUpdateCheck = 1010;
				LastUpgradeCheck = 1010;
				ORGANIZATIONNAME = "BJIT LTD";
				TargetAttributes = {
					8981B839223B5DD3003160A2 = {
						CreatedOnToolsVersion = 10.1;
					};
					8981B84D223B5DD5003160A2 = {
						CreatedOnToolsVersion = 10.1;
						TestTargetID = 8981B839223B5DD3003160A2;
					};
					8981B858223B5DD5003160A2 = {
						CreatedOnToolsVersion = 10.1;
						TestTargetID = 8981B839223B5DD3003160A2;
					};
				};
			};
			buildConfigurationList = 8981B835223B5DD3003160A2 /* Build configuration list for PBXProject "PageViewZoomedDemo" */;
			compatibilityVersion = "Xcode 9.3";
			developmentRegion = en;
			hasScannedForEncodings = 0;
			knownRegions = (
				en,
				Base,
			);
			mainGroup = 8981B831223B5DD3003160A2;
			productRefGroup = 8981B83B223B5DD3003160A2 /* Products */;
			projectDirPath = "";
			projectRoot = "";
			targets = (
				8981B839223B5DD3003160A2 /* PageViewZoomedDemo */,
				8981B84D223B5DD5003160A2 /* PageViewZoomedDemoTests */,
				8981B858223B5DD5003160A2 /* PageViewZoomedDemoUITests */,
			);
		};
/* End PBXProject section */

/* Begin PBXResourcesBuildPhase section */
		8981B838223B5DD3003160A2 /* Resources */ = {
			isa = PBXResourcesBuildPhase;
			buildActionMask = 2147483647;
			files = (
				8981B848223B5DD5003160A2 /* LaunchScreen.storyboard in Resources */,
				8981B845223B5DD5003160A2 /* Assets.xcassets in Resources */,
				8981B843223B5DD3003160A2 /* Main.storyboard in Resources */,
			);
			runOnlyForDeploymentPostprocessing = 0;
		};
		8981B84C223B5DD5003160A2 /* Resources */ = {
			isa = PBXResourcesBuildPhase;
			buildActionMask = 2147483647;
			files = (
			);
			runOnlyForDeploymentPostprocessing = 0;
		};
		8981B857223B5DD5003160A2 /* Resources */ = {
			isa = PBXResourcesBuildPhase;
			buildActionMask = 2147483647;
			files = (
			);
			runOnlyForDeploymentPostprocessing = 0;
		};
/* End PBXResourcesBuildPhase section */

/* Begin PBXSourcesBuildPhase section */
		8981B836223B5DD3003160A2 /* Sources */ = {
			isa = PBXSourcesBuildPhase;
			buildActionMask = 2147483647;
			files = (
				8981B86C223B5EBE003160A2 /* PageContentViewController.swift in Sources */,
				8981B840223B5DD3003160A2 /* ViewController.swift in Sources */,
				8981B83E223B5DD3003160A2 /* AppDelegate.swift in Sources */,
			);
			runOnlyForDeploymentPostprocessing = 0;
		};
		8981B84A223B5DD5003160A2 /* Sources */ = {
			isa = PBXSourcesBuildPhase;
			buildActionMask = 2147483647;
			files = (
				8981B853223B5DD5003160A2 /* PageViewZoomedDemoTests.swift in Sources */,
			);
			runOnlyForDeploymentPostprocessing = 0;
		};
		8981B855223B5DD5003160A2 /* Sources */ = {
			isa = PBXSourcesBuildPhase;
			buildActionMask = 2147483647;
			files = (
				8981B85E223B5DD5003160A2 /* PageViewZoomedDemoUITests.swift in Sources */,
			);
			runOnlyForDeploymentPostprocessing = 0;
		};
/* End PBXSourcesBuildPhase section */

/* Begin PBXTargetDependency section */
		8981B850223B5DD5003160A2 /* PBXTargetDependency */ = {
			isa = PBXTargetDependency;
			target = 8981B839223B5DD3003160A2 /* PageViewZoomedDemo */;
			targetProxy = 8981B84F223B5DD5003160A2 /* PBXContainerItemProxy */;
		};
		8981B85B223B5DD5003160A2 /* PBXTargetDependency */ = {
			isa = PBXTargetDependency;
			target = 8981B839223B5DD3003160A2 /* PageViewZoomedDemo */;
			targetProxy = 8981B85A223B5DD5003160A2 /* PBXContainerItemProxy */;
		};
/* End PBXTargetDependency section */

/* Begin PBXVariantGroup section */
		8981B841223B5DD3003160A2 /* Main.storyboard */ = {
			isa = PBXVariantGroup;
			children = (
				8981B842223B5DD3003160A2 /* Base */,
			);
			name = Main.storyboard;
			sourceTree = "<group>";
		};
		8981B846223B5DD5003160A2 /* LaunchScreen.storyboard */ = {
			isa = PBXVariantGroup;
			children = (
				8981B847223B5DD5003160A2 /* Base */,
			);
			name = LaunchScreen.storyboard;
			sourceTree = "<group>";
		};
/* End PBXVariantGroup section */

/* Begin XCBuildConfiguration section */
		8981B860223B5DD5003160A2 /* Debug */ = {
			isa = XCBuildConfiguration;
			buildSettings = {
				ALWAYS_SEARCH_USER_PATHS = NO;
				CLANG_ANALYZER_NONNULL = YES;
				CLANG_ANALYZER_NUMBER_OBJECT_CONVERSION = YES_AGGRESSIVE;
				CLANG_CXX_LANGUAGE_STANDARD = "gnu++14";
				CLANG_CXX_LIBRARY = "libc++";
				CLANG_ENABLE_MODULES = YES;
				CLANG_ENABLE_OBJC_ARC = YES;
				CLANG_ENABLE_OBJC_WEAK = YES;
				CLANG_WARN_BLOCK_CAPTURE_AUTORELEASING = YES;
				CLANG_WARN_BOOL_CONVERSION = YES;
				CLANG_WARN_COMMA = YES;
				CLANG_WARN_CONSTANT_CONVERSION = YES;
				CLANG_WARN_DEPRECATED_OBJC_IMPLEMENTATIONS = YES;
				CLANG_WARN_DIRECT_OBJC_ISA_USAGE = YES_ERROR;
				CLANG_WARN_DOCUMENTATION_COMMENTS = YES;
				CLANG_WARN_EMPTY_BODY = YES;
				CLANG_WARN_ENUM_CONVERSION = YES;
				CLANG_WARN_INFINITE_RECURSION = YES;
				CLANG_WARN_INT_CONVERSION = YES;
				CLANG_WARN_NON_LITERAL_NULL_CONVERSION = YES;
				CLANG_WARN_OBJC_IMPLICIT_RETAIN_SELF = YES;
				CLANG_WARN_OBJC_LITERAL_CONVERSION = YES;
				CLANG_WARN_OBJC_ROOT_CLASS = YES_ERROR;
				CLANG_WARN_RANGE_LOOP_ANALYSIS = YES;
				CLANG_WARN_STRICT_PROTOTYPES = YES;
				CLANG_WARN_SUSPICIOUS_MOVE = YES;
				CLANG_WARN_UNGUARDED_AVAILABILITY = YES_AGGRESSIVE;
				CLANG_WARN_UNREACHABLE_CODE = YES;
				CLANG_WARN__DUPLICATE_METHOD_MATCH = YES;
				CODE_SIGN_IDENTITY = "iPhone Developer";
				COPY_PHASE_STRIP = NO;
				DEBUG_INFORMATION_FORMAT = dwarf;
				ENABLE_STRICT_OBJC_MSGSEND = YES;
				ENABLE_TESTABILITY = YES;
				GCC_C_LANGUAGE_STANDARD = gnu11;
				GCC_DYNAMIC_NO_PIC = NO;
				GCC_NO_COMMON_BLOCKS = YES;
				GCC_OPTIMIZATION_LEVEL = 0;
				GCC_PREPROCESSOR_DEFINITIONS = (
					"DEBUG=1",
					"$(inherited)",
				);
				GCC_WARN_64_TO_32_BIT_CONVERSION = YES;
				GCC_WARN_ABOUT_RETURN_TYPE = YES_ERROR;
				GCC_WARN_UNDECLARED_SELECTOR = YES;
				GCC_WARN_UNINITIALIZED_AUTOS = YES_AGGRESSIVE;
				GCC_WARN_UNUSED_FUNCTION = YES;
				GCC_WARN_UNUSED_VARIABLE = YES;
				IPHONEOS_DEPLOYMENT_TARGET = 12.1;
				MTL_ENABLE_DEBUG_INFO = INCLUDE_SOURCE;
				MTL_FAST_MATH = YES;
				ONLY_ACTIVE_ARCH = YES;
				SDKROOT = iphoneos;
				SWIFT_ACTIVE_COMPILATION_CONDITIONS = DEBUG;
				SWIFT_OPTIMIZATION_LEVEL = "-Onone";
			};
			name = Debug;
		};
		8981B861223B5DD5003160A2 /* Release */ = {
			isa = XCBuildConfiguration;
			buildSettings = {
				ALWAYS_SEARCH_USER_PATHS = NO;
				CLANG_ANALYZER_NONNULL = YES;
				CLANG_ANALYZER_NUMBER_OBJECT_CONVERSION = YES_AGGRESSIVE;
				CLANG_CXX_LANGUAGE_STANDARD = "gnu++14";
				CLANG_CXX_LIBRARY = "libc++";
				CLANG_ENABLE_MODULES = YES;
				CLANG_ENABLE_OBJC_ARC = YES;
				CLANG_ENABLE_OBJC_WEAK = YES;
				CLANG_WARN_BLOCK_CAPTURE_AUTORELEASING = YES;
				CLANG_WARN_BOOL_CONVERSION = YES;
				CLANG_WARN_COMMA = YES;
				CLANG_WARN_CONSTANT_CONVERSION = YES;
				CLANG_WARN_DEPRECATED_OBJC_IMPLEMENTATIONS = YES;
				CLANG_WARN_DIRECT_OBJC_ISA_USAGE = YES_ERROR;
				CLANG_WARN_DOCUMENTATION_COMMENTS = YES;
				CLANG_WARN_EMPTY_BODY = YES;
				CLANG_WARN_ENUM_CONVERSION = YES;
				CLANG_WARN_INFINITE_RECURSION = YES;
				CLANG_WARN_INT_CONVERSION = YES;
				CLANG_WARN_NON_LITERAL_NULL_CONVERSION = YES;
				CLANG_WARN_OBJC_IMPLICIT_RETAIN_SELF = YES;
				CLANG_WARN_OBJC_LITERAL_CONVERSION = YES;
				CLANG_WARN_OBJC_ROOT_CLASS = YES_ERROR;
				CLANG_WARN_RANGE_LOOP_ANALYSIS = YES;
				CLANG_WARN_STRICT_PROTOTYPES = YES;
				CLANG_WARN_SUSPICIOUS_MOVE = YES;
				CLANG_WARN_UNGUARDED_AVAILABILITY = YES_AGGRESSIVE;
				CLANG_WARN_UNREACHABLE_CODE = YES;
				CLANG_WARN__DUPLICATE_METHOD_MATCH = YES;
				CODE_SIGN_IDENTITY = "iPhone Developer";
				COPY_PHASE_STRIP = NO;
				DEBUG_INFORMATION_FORMAT = "dwarf-with-dsym";
				ENABLE_NS_ASSERTIONS = NO;
				ENABLE_STRICT_OBJC_MSGSEND = YES;
				GCC_C_LANGUAGE_STANDARD = gnu11;
				GCC_NO_COMMON_BLOCKS = YES;
				GCC_WARN_64_TO_32_BIT_CONVERSION = YES;
				GCC_WARN_ABOUT_RETURN_TYPE = YES_ERROR;
				GCC_WARN_UNDECLARED_SELECTOR = YES;
				GCC_WARN_UNINITIALIZED_AUTOS = YES_AGGRESSIVE;
				GCC_WARN_UNUSED_FUNCTION = YES;
				GCC_WARN_UNUSED_VARIABLE = YES;
				IPHONEOS_DEPLOYMENT_TARGET = 12.1;
				MTL_ENABLE_DEBUG_INFO = NO;
				MTL_FAST_MATH = YES;
				SDKROOT = iphoneos;
				SWIFT_COMPILATION_MODE = wholemodule;
				SWIFT_OPTIMIZATION_LEVEL = "-O";
				VALIDATE_PRODUCT = YES;
			};
			name = Release;
		};
		8981B863223B5DD5003160A2 /* Debug */ = {
			isa = XCBuildConfiguration;
			buildSettings = {
				ASSETCATALOG_COMPILER_APPICON_NAME = AppIcon;
				CODE_SIGN_STYLE = Manual;
				DEVELOPMENT_TEAM = 2BL4KQW6R5;
				INFOPLIST_FILE = PageViewZoomedDemo/Info.plist;
				IPHONEOS_DEPLOYMENT_TARGET = 12.0;
				LD_RUNPATH_SEARCH_PATHS = (
					"$(inherited)",
					"@executable_path/Frameworks",
				);
				PRODUCT_BUNDLE_IDENTIFIER = com.bjitgroup.PageViewZoomedDemo;
				PRODUCT_NAME = "$(TARGET_NAME)";
				PROVISIONING_PROFILE_SPECIFIER = BJITWILDCARD_DEV;
				SWIFT_VERSION = 4.2;
				TARGETED_DEVICE_FAMILY = "1,2";
			};
			name = Debug;
		};
		8981B864223B5DD5003160A2 /* Release */ = {
			isa = XCBuildConfiguration;
			buildSettings = {
				ASSETCATALOG_COMPILER_APPICON_NAME = AppIcon;
				CODE_SIGN_STYLE = Manual;
				DEVELOPMENT_TEAM = 2BL4KQW6R5;
				INFOPLIST_FILE = PageViewZoomedDemo/Info.plist;
				IPHONEOS_DEPLOYMENT_TARGET = 12.0;
				LD_RUNPATH_SEARCH_PATHS = (
					"$(inherited)",
					"@executable_path/Frameworks",
				);
				PRODUCT_BUNDLE_IDENTIFIER = com.bjitgroup.PageViewZoomedDemo;
				PRODUCT_NAME = "$(TARGET_NAME)";
				PROVISIONING_PROFILE_SPECIFIER = BJITWILDCARD_DEV;
				SWIFT_VERSION = 4.2;
				TARGETED_DEVICE_FAMILY = "1,2";
			};
			name = Release;
		};
		8981B866223B5DD5003160A2 /* Debug */ = {
			isa = XCBuildConfiguration;
			buildSettings = {
				ALWAYS_EMBED_SWIFT_STANDARD_LIBRARIES = YES;
				BUNDLE_LOADER = "$(TEST_HOST)";
				CODE_SIGN_STYLE = Automatic;
				INFOPLIST_FILE = PageViewZoomedDemoTests/Info.plist;
				LD_RUNPATH_SEARCH_PATHS = (
					"$(inherited)",
					"@executable_path/Frameworks",
					"@loader_path/Frameworks",
				);
				PRODUCT_BUNDLE_IDENTIFIER = com.bjitgroup.PageViewZoomedDemoTests;
				PRODUCT_NAME = "$(TARGET_NAME)";
				SWIFT_VERSION = 4.2;
				TARGETED_DEVICE_FAMILY = "1,2";
				TEST_HOST = "$(BUILT_PRODUCTS_DIR)/PageViewZoomedDemo.app/PageViewZoomedDemo";
			};
			name = Debug;
		};
		8981B867223B5DD5003160A2 /* Release */ = {
			isa = XCBuildConfiguration;
			buildSettings = {
				ALWAYS_EMBED_SWIFT_STANDARD_LIBRARIES = YES;
				BUNDLE_LOADER = "$(TEST_HOST)";
				CODE_SIGN_STYLE = Automatic;
				INFOPLIST_FILE = PageViewZoomedDemoTests/Info.plist;
				LD_RUNPATH_SEARCH_PATHS = (
					"$(inherited)",
					"@executable_path/Frameworks",
					"@loader_path/Frameworks",
				);
				PRODUCT_BUNDLE_IDENTIFIER = com.bjitgroup.PageViewZoomedDemoTests;
				PRODUCT_NAME = "$(TARGET_NAME)";
				SWIFT_VERSION = 4.2;
				TARGETED_DEVICE_FAMILY = "1,2";
				TEST_HOST = "$(BUILT_PRODUCTS_DIR)/PageViewZoomedDemo.app/PageViewZoomedDemo";
			};
			name = Release;
		};
		8981B869223B5DD5003160A2 /* Debug */ = {
			isa = XCBuildConfiguration;
			buildSettings = {
				ALWAYS_EMBED_SWIFT_STANDARD_LIBRARIES = YES;
				CODE_SIGN_STYLE = Automatic;
				INFOPLIST_FILE = PageViewZoomedDemoUITests/Info.plist;
				LD_RUNPATH_SEARCH_PATHS = (
					"$(inherited)",
					"@executable_path/Frameworks",
					"@loader_path/Frameworks",
				);
				PRODUCT_BUNDLE_IDENTIFIER = com.bjitgroup.PageViewZoomedDemoUITests;
				PRODUCT_NAME = "$(TARGET_NAME)";
				SWIFT_VERSION = 4.2;
				TARGETED_DEVICE_FAMILY = "1,2";
				TEST_TARGET_NAME = PageViewZoomedDemo;
			};
			name = Debug;
		};
		8981B86A223B5DD5003160A2 /* Release */ = {
			isa = XCBuildConfiguration;
			buildSettings = {
				ALWAYS_EMBED_SWIFT_STANDARD_LIBRARIES = YES;
				CODE_SIGN_STYLE = Automatic;
				INFOPLIST_FILE = PageViewZoomedDemoUITests/Info.plist;
				LD_RUNPATH_SEARCH_PATHS = (
					"$(inherited)",
					"@executable_path/Frameworks",
					"@loader_path/Frameworks",
				);
				PRODUCT_BUNDLE_IDENTIFIER = com.bjitgroup.PageViewZoomedDemoUITests;
				PRODUCT_NAME = "$(TARGET_NAME)";
				SWIFT_VERSION = 4.2;
				TARGETED_DEVICE_FAMILY = "1,2";
				TEST_TARGET_NAME = PageViewZoomedDemo;
			};
			name = Release;
		};
/* End XCBuildConfiguration section */

/* Begin XCConfigurationList section */
		8981B835223B5DD3003160A2 /* Build configuration list for PBXProject "PageViewZoomedDemo" */ = {
			isa = XCConfigurationList;
			buildConfigurations = (
				8981B860223B5DD5003160A2 /* Debug */,
				8981B861223B5DD5003160A2 /* Release */,
			);
			defaultConfigurationIsVisible = 0;
			defaultConfigurationName = Release;
		};
		8981B862223B5DD5003160A2 /* Build configuration list for PBXNativeTarget "PageViewZoomedDemo" */ = {
			isa = XCConfigurationList;
			buildConfigurations = (
				8981B863223B5DD5003160A2 /* Debug */,
				8981B864223B5DD5003160A2 /* Release */,
			);
			defaultConfigurationIsVisible = 0;
			defaultConfigurationName = Release;
		};
		8981B865223B5DD5003160A2 /* Build configuration list for PBXNativeTarget "PageViewZoomedDemoTests" */ = {
			isa = XCConfigurationList;
			buildConfigurations = (
				8981B866223B5DD5003160A2 /* Debug */,
				8981B867223B5DD5003160A2 /* Release */,
			);
			defaultConfigurationIsVisible = 0;
			defaultConfigurationName = Release;
		};
		8981B868223B5DD5003160A2 /* Build configuration list for PBXNativeTarget "PageViewZoomedDemoUITests" */ = {
			isa = XCConfigurationList;
			buildConfigurations = (
				8981B869223B5DD5003160A2 /* Debug */,
				8981B86A223B5DD5003160A2 /* Release */,
			);
			defaultConfigurationIsVisible = 0;
			defaultConfigurationName = Release;
		};
/* End XCConfigurationList section */
	};
	rootObject = 8981B832223B5DD3003160A2 /* Project object */;
}
